
Microsoft Visual Studio Solution File, Format Version 12.00
# Visual Studio Version 16
VisualStudioVersion = 16.0.28803.352
MinimumVisualStudioVersion = 10.0.40219.1
Project("{FAE04EC0-301F-11D3-BF4B-00C04F79EFBC}") = "teste-de-programacao-asp.net", "teste-de-programacao-asp.net\teste-de-programacao-asp.net.csproj", "{BC481DB2-226E-47A3-986E-7C996F53B017}"
EndProject
Global
	GlobalSection(SolutionConfigurationPlatforms) = preSolution
		Debug|Any CPU = Debug|Any CPU
		Release|Any CPU = Release|Any CPU
	EndGlobalSection
	GlobalSection(ProjectConfigurationPlatforms) = postSolution
		{BC481DB2-226E-47A3-986E-7C996F53B017}.Debug|Any CPU.ActiveCfg = Debug|Any CPU
		{BC481DB2-226E-47A3-986E-7C996F53B017}.Debug|Any CPU.Build.0 = Debug|Any CPU
		{BC481DB2-226E-47A3-986E-7C996F53B017}.Release|Any CPU.ActiveCfg = Release|Any CPU
		{BC481DB2-226E-47A3-986E-7C996F53B017}.Release|Any CPU.Build.0 = Release|Any CPU
	EndGlobalSection
	GlobalSection(SolutionProperties) = preSolution
		HideSolutionNode = FALSE
	EndGlobalSection
	GlobalSection(ExtensibilityGlobals) = postSolution
		SolutionGuid = {5B1C0A8A-0747-495F-B59C-B98AE114F3E8}
	EndGlobalSection
EndGlobal
